
Microsoft Visual Studio Solution File, Format Version 12.00
# Visual Studio Version 16
VisualStudioVersion = 16.0.31613.86
MinimumVisualStudioVersion = 10.0.40219.1
Project("{FAE04EC0-301F-11D3-BF4B-00C04F79EFBC}") = "Laboratorio3", "Laboratorio3.csproj", "{A465C793-FDE6-4572-8284-F2FC6F32F8CF}"
EndProject
Project("{FAE04EC0-301F-11D3-BF4B-00C04F79EFBC}") = "Laboratorio3.Tests", "..\WebApplication1.Tests\Laboratorio3.Tests.csproj", "{64B8E82E-154E-49CA-AC75-65E7EF55F7D1}"
EndProject
Global
	GlobalSection(SolutionConfigurationPlatforms) = preSolution
		Debug|Any CPU = Debug|Any CPU
		Release|Any CPU = Release|Any CPU
	EndGlobalSection
	GlobalSection(ProjectConfigurationPlatforms) = postSolution
		{A465C793-FDE6-4572-8284-F2FC6F32F8CF}.Debug|Any CPU.ActiveCfg = Debug|Any CPU
		{A465C793-FDE6-4572-8284-F2FC6F32F8CF}.Debug|Any CPU.Build.0 = Debug|Any CPU
		{A465C793-FDE6-4572-8284-F2FC6F32F8CF}.Release|Any CPU.ActiveCfg = Release|Any CPU
		{A465C793-FDE6-4572-8284-F2FC6F32F8CF}.Release|Any CPU.Build.0 = Release|Any CPU
		{64B8E82E-154E-49CA-AC75-65E7EF55F7D1}.Debug|Any CPU.ActiveCfg = Debug|Any CPU
		{64B8E82E-154E-49CA-AC75-65E7EF55F7D1}.Debug|Any CPU.Build.0 = Debug|Any CPU
		{64B8E82E-154E-49CA-AC75-65E7EF55F7D1}.Release|Any CPU.ActiveCfg = Release|Any CPU
		{64B8E82E-154E-49CA-AC75-65E7EF55F7D1}.Release|Any CPU.Build.0 = Release|Any CPU
	EndGlobalSection
	GlobalSection(SolutionProperties) = preSolution
		HideSolutionNode = FALSE
	EndGlobalSection
	GlobalSection(ExtensibilityGlobals) = postSolution
		SolutionGuid = {D58B2C2C-B740-4060-891B-1468030C3D70}
	EndGlobalSection
EndGlobal
